
Microsoft Visual Studio Solution File, Format Version 12.00
# Visual Studio Version 17
VisualStudioVersion = 17.1.32210.238
MinimumVisualStudioVersion = 10.0.40219.1
Project("{9A19103F-16F7-4668-BE54-9A1E7A4F7556}") = "LaserBrainTwister.Domain", "LaserBrainTwister.Domain\LaserBrainTwister.Domain.csproj", "{4898DF58-6AB6-47DF-965A-4F39486763AE}"
EndProject
Project("{9A19103F-16F7-4668-BE54-9A1E7A4F7556}") = "LaserBrainTwister.Tests", "LaserBrainTwister.Tests\LaserBrainTwister.Tests.csproj", "{7FF2077F-AECF-438F-8053-5906FE166828}"
	ProjectSection(ProjectDependencies) = postProject
		{4898DF58-6AB6-47DF-965A-4F39486763AE} = {4898DF58-6AB6-47DF-965A-4F39486763AE}
	EndProjectSection
EndProject
Project("{FAE04EC0-301F-11D3-BF4B-00C04F79EFBC}") = "LaserBrainTwister.Console", "LaserBrainTwister.Console\LaserBrainTwister.Console.csproj", "{77DA9BC6-3072-475E-8837-81A93F2163E2}"
	ProjectSection(ProjectDependencies) = postProject
		{4898DF58-6AB6-47DF-965A-4F39486763AE} = {4898DF58-6AB6-47DF-965A-4F39486763AE}
	EndProjectSection
EndProject
Global
	GlobalSection(SolutionConfigurationPlatforms) = preSolution
		Debug|Any CPU = Debug|Any CPU
		Release|Any CPU = Release|Any CPU
	EndGlobalSection
	GlobalSection(ProjectConfigurationPlatforms) = postSolution
		{4898DF58-6AB6-47DF-965A-4F39486763AE}.Debug|Any CPU.ActiveCfg = Debug|Any CPU
		{4898DF58-6AB6-47DF-965A-4F39486763AE}.Debug|Any CPU.Build.0 = Debug|Any CPU
		{4898DF58-6AB6-47DF-965A-4F39486763AE}.Release|Any CPU.ActiveCfg = Release|Any CPU
		{4898DF58-6AB6-47DF-965A-4F39486763AE}.Release|Any CPU.Build.0 = Release|Any CPU
		{7FF2077F-AECF-438F-8053-5906FE166828}.Debug|Any CPU.ActiveCfg = Debug|Any CPU
		{7FF2077F-AECF-438F-8053-5906FE166828}.Debug|Any CPU.Build.0 = Debug|Any CPU
		{7FF2077F-AECF-438F-8053-5906FE166828}.Release|Any CPU.ActiveCfg = Release|Any CPU
		{7FF2077F-AECF-438F-8053-5906FE166828}.Release|Any CPU.Build.0 = Release|Any CPU
		{77DA9BC6-3072-475E-8837-81A93F2163E2}.Debug|Any CPU.ActiveCfg = Debug|Any CPU
		{77DA9BC6-3072-475E-8837-81A93F2163E2}.Debug|Any CPU.Build.0 = Debug|Any CPU
		{77DA9BC6-3072-475E-8837-81A93F2163E2}.Release|Any CPU.ActiveCfg = Release|Any CPU
		{77DA9BC6-3072-475E-8837-81A93F2163E2}.Release|Any CPU.Build.0 = Release|Any CPU
	EndGlobalSection
	GlobalSection(SolutionProperties) = preSolution
		HideSolutionNode = FALSE
	EndGlobalSection
	GlobalSection(ExtensibilityGlobals) = postSolution
		SolutionGuid = {778E43FE-3698-4CA5-81FD-864E4CC648C8}
	EndGlobalSection
EndGlobal
